<Solution>
  <Project Path="SpravaProjektovUnitTest/SpravaProjektovUnitTest.csproj" />
  <Project Path="SpravaProjektovAPI/SpravaProjektovAPI.csproj" />
  <Project Path="SpravaProjektovUI-Avalonia/SpravaProjektovUI-Avalonia.csproj" />
  <Project Path="SpravaProjektovUI/SpravaProjektovUI.csproj" />
</Solution>
